
Microsoft Visual Studio Solution File, Format Version 12.00
# Visual Studio Version 17
VisualStudioVersion = 17.14.37411.7
MinimumVisualStudioVersion = 10.0.40219.1
Project("{9A19103F-16F7-4668-BE54-9A1E7A4F7556}") = "TaskProject", "TaskProject\TaskProject.csproj", "{7DD39210-D053-4F95-8C86-F4A7238D37F9}"
EndProject
Project("{FAE04EC0-301F-11D3-BF4B-00C04F79EFBC}") = "TestProject", "TestProject\TestProject.csproj", "{1DBDB61E-B0A8-429D-B9C7-3239468B78CA}"
EndProject
Project("{FAE04EC0-301F-11D3-BF4B-00C04F79EFBC}") = "Receive", "..\Rabbit\Receive\Receive.csproj", "{7DBB0105-E925-A9A4-8A27-849E10133BFA}"
EndProject
Project("{FAE04EC0-301F-11D3-BF4B-00C04F79EFBC}") = "Send", "..\Rabbit\Send\Send.csproj", "{B09740C5-65E3-6978-A7C9-9D232D751715}"
EndProject
Project("{FAE04EC0-301F-11D3-BF4B-00C04F79EFBC}") = "TaskReportApi", "TaskReportApi\TaskReportApi.csproj", "{F9A97E9A-1A66-42E2-98B5-5589E2FFA691}"
EndProject
Global
	GlobalSection(SolutionConfigurationPlatforms) = preSolution
		Debug|Any CPU = Debug|Any CPU
		Debug|x64 = Debug|x64
		Debug|x86 = Debug|x86
		Release|Any CPU = Release|Any CPU
		Release|x64 = Release|x64
		Release|x86 = Release|x86
	EndGlobalSection
	GlobalSection(ProjectConfigurationPlatforms) = postSolution
		{7DD39210-D053-4F95-8C86-F4A7238D37F9}.Debug|Any CPU.ActiveCfg = Debug|Any CPU
		{7DD39210-D053-4F95-8C86-F4A7238D37F9}.Debug|Any CPU.Build.0 = Debug|Any CPU
		{7DD39210-D053-4F95-8C86-F4A7238D37F9}.Debug|x64.ActiveCfg = Debug|Any CPU
		{7DD39210-D053-4F95-8C86-F4A7238D37F9}.Debug|x64.Build.0 = Debug|Any CPU
		{7DD39210-D053-4F95-8C86-F4A7238D37F9}.Debug|x86.ActiveCfg = Debug|Any CPU
		{7DD39210-D053-4F95-8C86-F4A7238D37F9}.Debug|x86.Build.0 = Debug|Any CPU
		{7DD39210-D053-4F95-8C86-F4A7238D37F9}.Release|Any CPU.ActiveCfg = Release|Any CPU
		{7DD39210-D053-4F95-8C86-F4A7238D37F9}.Release|Any CPU.Build.0 = Release|Any CPU
		{7DD39210-D053-4F95-8C86-F4A7238D37F9}.Release|x64.ActiveCfg = Release|Any CPU
		{7DD39210-D053-4F95-8C86-F4A7238D37F9}.Release|x64.Build.0 = Release|Any CPU
		{7DD39210-D053-4F95-8C86-F4A7238D37F9}.Release|x86.ActiveCfg = Release|Any CPU
		{7DD39210-D053-4F95-8C86-F4A7238D37F9}.Release|x86.Build.0 = Release|Any CPU
		{1DBDB61E-B0A8-429D-B9C7-3239468B78CA}.Debug|Any CPU.ActiveCfg = Debug|Any CPU
		{1DBDB61E-B0A8-429D-B9C7-3239468B78CA}.Debug|Any CPU.Build.0 = Debug|Any CPU
		{1DBDB61E-B0A8-429D-B9C7-3239468B78CA}.Debug|x64.ActiveCfg = Debug|Any CPU
		{1DBDB61E-B0A8-429D-B9C7-3239468B78CA}.Debug|x64.Build.0 = Debug|Any CPU
		{1DBDB61E-B0A8-429D-B9C7-3239468B78CA}.Debug|x86.ActiveCfg = Debug|Any CPU
		{1DBDB61E-B0A8-429D-B9C7-3239468B78CA}.Debug|x86.Build.0 = Debug|Any CPU
		{1DBDB61E-B0A8-429D-B9C7-3239468B78CA}.Release|Any CPU.ActiveCfg = Release|Any CPU
		{1DBDB61E-B0A8-429D-B9C7-3239468B78CA}.Release|Any CPU.Build.0 = Release|Any CPU
		{1DBDB61E-B0A8-429D-B9C7-3239468B78CA}.Release|x64.ActiveCfg = Release|Any CPU
		{1DBDB61E-B0A8-429D-B9C7-3239468B78CA}.Release|x64.Build.0 = Release|Any CPU
		{1DBDB61E-B0A8-429D-B9C7-3239468B78CA}.Release|x86.ActiveCfg = Release|Any CPU
		{1DBDB61E-B0A8-429D-B9C7-3239468B78CA}.Release|x86.Build.0 = Release|Any CPU
		{7DBB0105-E925-A9A4-8A27-849E10133BFA}.Debug|Any CPU.ActiveCfg = Debug|Any CPU
		{7DBB0105-E925-A9A4-8A27-849E10133BFA}.Debug|Any CPU.Build.0 = Debug|Any CPU
		{7DBB0105-E925-A9A4-8A27-849E10133BFA}.Debug|x64.ActiveCfg = Debug|Any CPU
		{7DBB0105-E925-A9A4-8A27-849E10133BFA}.Debug|x64.Build.0 = Debug|Any CPU
		{7DBB0105-E925-A9A4-8A27-849E10133BFA}.Debug|x86.ActiveCfg = Debug|Any CPU
		{7DBB0105-E925-A9A4-8A27-849E10133BFA}.Debug|x86.Build.0 = Debug|Any CPU
		{7DBB0105-E925-A9A4-8A27-849E10133BFA}.Release|Any CPU.ActiveCfg = Release|Any CPU
		{7DBB0105-E925-A9A4-8A27-849E10133BFA}.Release|Any CPU.Build.0 = Release|Any CPU
		{7DBB0105-E925-A9A4-8A27-849E10133BFA}.Release|x64.ActiveCfg = Release|Any CPU
		{7DBB0105-E925-A9A4-8A27-849E10133BFA}.Release|x64.Build.0 = Release|Any CPU
		{7DBB0105-E925-A9A4-8A27-849E10133BFA}.Release|x86.ActiveCfg = Release|Any CPU
		{7DBB0105-E925-A9A4-8A27-849E10133BFA}.Release|x86.Build.0 = Release|Any CPU
		{B09740C5-65E3-6978-A7C9-9D232D751715}.Debug|Any CPU.ActiveCfg = Debug|Any CPU
		{B09740C5-65E3-6978-A7C9-9D232D751715}.Debug|Any CPU.Build.0 = Debug|Any CPU
		{B09740C5-65E3-6978-A7C9-9D232D751715}.Debug|x64.ActiveCfg = Debug|Any CPU
		{B09740C5-65E3-6978-A7C9-9D232D751715}.Debug|x64.Build.0 = Debug|Any CPU
		{B09740C5-65E3-6978-A7C9-9D232D751715}.Debug|x86.ActiveCfg = Debug|Any CPU
		{B09740C5-65E3-6978-A7C9-9D232D751715}.Debug|x86.Build.0 = Debug|Any CPU
		{B09740C5-65E3-6978-A7C9-9D232D751715}.Release|Any CPU.ActiveCfg = Release|Any CPU
		{B09740C5-65E3-6978-A7C9-9D232D751715}.Release|Any CPU.Build.0 = Release|Any CPU
		{B09740C5-65E3-6978-A7C9-9D232D751715}.Release|x64.ActiveCfg = Release|Any CPU
		{B09740C5-65E3-6978-A7C9-9D232D751715}.Release|x64.Build.0 = Release|Any CPU
		{B09740C5-65E3-6978-A7C9-9D232D751715}.Release|x86.ActiveCfg = Release|Any CPU
		{B09740C5-65E3-6978-A7C9-9D232D751715}.Release|x86.Build.0 = Release|Any CPU
		{F9A97E9A-1A66-42E2-98B5-5589E2FFA691}.Debug|Any CPU.ActiveCfg = Debug|Any CPU
		{F9A97E9A-1A66-42E2-98B5-5589E2FFA691}.Debug|Any CPU.Build.0 = Debug|Any CPU
		{F9A97E9A-1A66-42E2-98B5-5589E2FFA691}.Debug|x64.ActiveCfg = Debug|Any CPU
		{F9A97E9A-1A66-42E2-98B5-5589E2FFA691}.Debug|x64.Build.0 = Debug|Any CPU
		{F9A97E9A-1A66-42E2-98B5-5589E2FFA691}.Debug|x86.ActiveCfg = Debug|Any CPU
		{F9A97E9A-1A66-42E2-98B5-5589E2FFA691}.Debug|x86.Build.0 = Debug|Any CPU
		{F9A97E9A-1A66-42E2-98B5-5589E2FFA691}.Release|Any CPU.ActiveCfg = Release|Any CPU
		{F9A97E9A-1A66-42E2-98B5-5589E2FFA691}.Release|Any CPU.Build.0 = Release|Any CPU
		{F9A97E9A-1A66-42E2-98B5-5589E2FFA691}.Release|x64.ActiveCfg = Release|Any CPU
		{F9A97E9A-1A66-42E2-98B5-5589E2FFA691}.Release|x64.Build.0 = Release|Any CPU
		{F9A97E9A-1A66-42E2-98B5-5589E2FFA691}.Release|x86.ActiveCfg = Release|Any CPU
		{F9A97E9A-1A66-42E2-98B5-5589E2FFA691}.Release|x86.Build.0 = Release|Any CPU
	EndGlobalSection
	GlobalSection(SolutionProperties) = preSolution
		HideSolutionNode = FALSE
	EndGlobalSection
	GlobalSection(ExtensibilityGlobals) = postSolution
		SolutionGuid = {8568D760-4AAD-4180-8BF4-0F9D12D1578F}
	EndGlobalSection
EndGlobal
