
Microsoft Visual Studio Solution File, Format Version 12.00
# Visual Studio Version 17
VisualStudioVersion = 17.14.37411.7
MinimumVisualStudioVersion = 10.0.40219.1
Project("{9A19103F-16F7-4668-BE54-9A1E7A4F7556}") = "TaskProjectWeb", "TaskProject\TaskProjectWeb.csproj", "{7DD39210-D053-4F95-8C86-F4A7238D37F9}"
EndProject
Project("{FAE04EC0-301F-11D3-BF4B-00C04F79EFBC}") = "TestProject", "TestProject\TestProject.csproj", "{1DBDB61E-B0A8-429D-B9C7-3239468B78CA}"
EndProject
Project("{FAE04EC0-301F-11D3-BF4B-00C04F79EFBC}") = "TaskReportApi", "TaskReportApi\TaskReportApi.csproj", "{F9A97E9A-1A66-42E2-98B5-5589E2FFA691}"
EndProject
Project("{FAE04EC0-301F-11D3-BF4B-00C04F79EFBC}") = "RabbitMqReceive", "RabbitMqReceive\RabbitMqReceive.csproj", "{CE05A2B3-BE8E-223D-1DD3-57F5A3B4A310}"
EndProject
Project("{FAE04EC0-301F-11D3-BF4B-00C04F79EFBC}") = "RabbitMqSend", "RabbitMqSend\RabbitMqSend.csproj", "{78B36B41-8CCD-5377-5EAA-E1D45CDA6EF2}"
EndProject
Project("{FAE04EC0-301F-11D3-BF4B-00C04F79EFBC}") = "TaskListProject.Domain", "TaskListProject.Domain\TaskListProject.Domain.csproj", "{8B339D61-AFB3-4161-AA1B-BF275A0DE586}"
EndProject
Project("{FAE04EC0-301F-11D3-BF4B-00C04F79EFBC}") = "TaskListProject.InfraStructure", "TaskListProject.InfraStructure\TaskListProject.InfraStructure.csproj", "{B43BE95C-CA0B-40D2-827E-AEAD4F35B662}"
EndProject
Project("{FAE04EC0-301F-11D3-BF4B-00C04F79EFBC}") = "TaskListProject.Application", "TaskListProject.Application\TaskListProject.Application.csproj", "{0D58B71F-71F7-4E31-97BC-B8A36C466635}"
EndProject
Global
	GlobalSection(SolutionConfigurationPlatforms) = preSolution
		Debug|Any CPU = Debug|Any CPU
		Debug|x64 = Debug|x64
		Debug|x86 = Debug|x86
		Release|Any CPU = Release|Any CPU
		Release|x64 = Release|x64
		Release|x86 = Release|x86
	EndGlobalSection
	GlobalSection(ProjectConfigurationPlatforms) = postSolution
		{7DD39210-D053-4F95-8C86-F4A7238D37F9}.Debug|Any CPU.ActiveCfg = Debug|Any CPU
		{7DD39210-D053-4F95-8C86-F4A7238D37F9}.Debug|Any CPU.Build.0 = Debug|Any CPU
		{7DD39210-D053-4F95-8C86-F4A7238D37F9}.Debug|x64.ActiveCfg = Debug|Any CPU
		{7DD39210-D053-4F95-8C86-F4A7238D37F9}.Debug|x64.Build.0 = Debug|Any CPU
		{7DD39210-D053-4F95-8C86-F4A7238D37F9}.Debug|x86.ActiveCfg = Debug|Any CPU
		{7DD39210-D053-4F95-8C86-F4A7238D37F9}.Debug|x86.Build.0 = Debug|Any CPU
		{7DD39210-D053-4F95-8C86-F4A7238D37F9}.Release|Any CPU.ActiveCfg = Release|Any CPU
		{7DD39210-D053-4F95-8C86-F4A7238D37F9}.Release|Any CPU.Build.0 = Release|Any CPU
		{7DD39210-D053-4F95-8C86-F4A7238D37F9}.Release|x64.ActiveCfg = Release|Any CPU
		{7DD39210-D053-4F95-8C86-F4A7238D37F9}.Release|x64.Build.0 = Release|Any CPU
		{7DD39210-D053-4F95-8C86-F4A7238D37F9}.Release|x86.ActiveCfg = Release|Any CPU
		{7DD39210-D053-4F95-8C86-F4A7238D37F9}.Release|x86.Build.0 = Release|Any CPU
		{1DBDB61E-B0A8-429D-B9C7-3239468B78CA}.Debug|Any CPU.ActiveCfg = Debug|Any CPU
		{1DBDB61E-B0A8-429D-B9C7-3239468B78CA}.Debug|Any CPU.Build.0 = Debug|Any CPU
		{1DBDB61E-B0A8-429D-B9C7-3239468B78CA}.Debug|x64.ActiveCfg = Debug|Any CPU
		{1DBDB61E-B0A8-429D-B9C7-3239468B78CA}.Debug|x64.Build.0 = Debug|Any CPU
		{1DBDB61E-B0A8-429D-B9C7-3239468B78CA}.Debug|x86.ActiveCfg = Debug|Any CPU
		{1DBDB61E-B0A8-429D-B9C7-3239468B78CA}.Debug|x86.Build.0 = Debug|Any CPU
		{1DBDB61E-B0A8-429D-B9C7-3239468B78CA}.Release|Any CPU.ActiveCfg = Release|Any CPU
		{1DBDB61E-B0A8-429D-B9C7-3239468B78CA}.Release|Any CPU.Build.0 = Release|Any CPU
		{1DBDB61E-B0A8-429D-B9C7-3239468B78CA}.Release|x64.ActiveCfg = Release|Any CPU
		{1DBDB61E-B0A8-429D-B9C7-3239468B78CA}.Release|x64.Build.0 = Release|Any CPU
		{1DBDB61E-B0A8-429D-B9C7-3239468B78CA}.Release|x86.ActiveCfg = Release|Any CPU
		{1DBDB61E-B0A8-429D-B9C7-3239468B78CA}.Release|x86.Build.0 = Release|Any CPU
		{F9A97E9A-1A66-42E2-98B5-5589E2FFA691}.Debug|Any CPU.ActiveCfg = Debug|Any CPU
		{F9A97E9A-1A66-42E2-98B5-5589E2FFA691}.Debug|Any CPU.Build.0 = Debug|Any CPU
		{F9A97E9A-1A66-42E2-98B5-5589E2FFA691}.Debug|x64.ActiveCfg = Debug|Any CPU
		{F9A97E9A-1A66-42E2-98B5-5589E2FFA691}.Debug|x64.Build.0 = Debug|Any CPU
		{F9A97E9A-1A66-42E2-98B5-5589E2FFA691}.Debug|x86.ActiveCfg = Debug|Any CPU
		{F9A97E9A-1A66-42E2-98B5-5589E2FFA691}.Debug|x86.Build.0 = Debug|Any CPU
		{F9A97E9A-1A66-42E2-98B5-5589E2FFA691}.Release|Any CPU.ActiveCfg = Release|Any CPU
		{F9A97E9A-1A66-42E2-98B5-5589E2FFA691}.Release|Any CPU.Build.0 = Release|Any CPU
		{F9A97E9A-1A66-42E2-98B5-5589E2FFA691}.Release|x64.ActiveCfg = Release|Any CPU
		{F9A97E9A-1A66-42E2-98B5-5589E2FFA691}.Release|x64.Build.0 = Release|Any CPU
		{F9A97E9A-1A66-42E2-98B5-5589E2FFA691}.Release|x86.ActiveCfg = Release|Any CPU
		{F9A97E9A-1A66-42E2-98B5-5589E2FFA691}.Release|x86.Build.0 = Release|Any CPU
		{CE05A2B3-BE8E-223D-1DD3-57F5A3B4A310}.Debug|Any CPU.ActiveCfg = Debug|Any CPU
		{CE05A2B3-BE8E-223D-1DD3-57F5A3B4A310}.Debug|Any CPU.Build.0 = Debug|Any CPU
		{CE05A2B3-BE8E-223D-1DD3-57F5A3B4A310}.Debug|x64.ActiveCfg = Debug|Any CPU
		{CE05A2B3-BE8E-223D-1DD3-57F5A3B4A310}.Debug|x64.Build.0 = Debug|Any CPU
		{CE05A2B3-BE8E-223D-1DD3-57F5A3B4A310}.Debug|x86.ActiveCfg = Debug|Any CPU
		{CE05A2B3-BE8E-223D-1DD3-57F5A3B4A310}.Debug|x86.Build.0 = Debug|Any CPU
		{CE05A2B3-BE8E-223D-1DD3-57F5A3B4A310}.Release|Any CPU.ActiveCfg = Release|Any CPU
		{CE05A2B3-BE8E-223D-1DD3-57F5A3B4A310}.Release|Any CPU.Build.0 = Release|Any CPU
		{CE05A2B3-BE8E-223D-1DD3-57F5A3B4A310}.Release|x64.ActiveCfg = Release|Any CPU
		{CE05A2B3-BE8E-223D-1DD3-57F5A3B4A310}.Release|x64.Build.0 = Release|Any CPU
		{CE05A2B3-BE8E-223D-1DD3-57F5A3B4A310}.Release|x86.ActiveCfg = Release|Any CPU
		{CE05A2B3-BE8E-223D-1DD3-57F5A3B4A310}.Release|x86.Build.0 = Release|Any CPU
		{78B36B41-8CCD-5377-5EAA-E1D45CDA6EF2}.Debug|Any CPU.ActiveCfg = Debug|Any CPU
		{78B36B41-8CCD-5377-5EAA-E1D45CDA6EF2}.Debug|Any CPU.Build.0 = Debug|Any CPU
		{78B36B41-8CCD-5377-5EAA-E1D45CDA6EF2}.Debug|x64.ActiveCfg = Debug|Any CPU
		{78B36B41-8CCD-5377-5EAA-E1D45CDA6EF2}.Debug|x64.Build.0 = Debug|Any CPU
		{78B36B41-8CCD-5377-5EAA-E1D45CDA6EF2}.Debug|x86.ActiveCfg = Debug|Any CPU
		{78B36B41-8CCD-5377-5EAA-E1D45CDA6EF2}.Debug|x86.Build.0 = Debug|Any CPU
		{78B36B41-8CCD-5377-5EAA-E1D45CDA6EF2}.Release|Any CPU.ActiveCfg = Release|Any CPU
		{78B36B41-8CCD-5377-5EAA-E1D45CDA6EF2}.Release|Any CPU.Build.0 = Release|Any CPU
		{78B36B41-8CCD-5377-5EAA-E1D45CDA6EF2}.Release|x64.ActiveCfg = Release|Any CPU
		{78B36B41-8CCD-5377-5EAA-E1D45CDA6EF2}.Release|x64.Build.0 = Release|Any CPU
		{78B36B41-8CCD-5377-5EAA-E1D45CDA6EF2}.Release|x86.ActiveCfg = Release|Any CPU
		{78B36B41-8CCD-5377-5EAA-E1D45CDA6EF2}.Release|x86.Build.0 = Release|Any CPU
		{8B339D61-AFB3-4161-AA1B-BF275A0DE586}.Debug|Any CPU.ActiveCfg = Debug|Any CPU
		{8B339D61-AFB3-4161-AA1B-BF275A0DE586}.Debug|Any CPU.Build.0 = Debug|Any CPU
		{8B339D61-AFB3-4161-AA1B-BF275A0DE586}.Debug|x64.ActiveCfg = Debug|Any CPU
		{8B339D61-AFB3-4161-AA1B-BF275A0DE586}.Debug|x64.Build.0 = Debug|Any CPU
		{8B339D61-AFB3-4161-AA1B-BF275A0DE586}.Debug|x86.ActiveCfg = Debug|Any CPU
		{8B339D61-AFB3-4161-AA1B-BF275A0DE586}.Debug|x86.Build.0 = Debug|Any CPU
		{8B339D61-AFB3-4161-AA1B-BF275A0DE586}.Release|Any CPU.ActiveCfg = Release|Any CPU
		{8B339D61-AFB3-4161-AA1B-BF275A0DE586}.Release|Any CPU.Build.0 = Release|Any CPU
		{8B339D61-AFB3-4161-AA1B-BF275A0DE586}.Release|x64.ActiveCfg = Release|Any CPU
		{8B339D61-AFB3-4161-AA1B-BF275A0DE586}.Release|x64.Build.0 = Release|Any CPU
		{8B339D61-AFB3-4161-AA1B-BF275A0DE586}.Release|x86.ActiveCfg = Release|Any CPU
		{8B339D61-AFB3-4161-AA1B-BF275A0DE586}.Release|x86.Build.0 = Release|Any CPU
		{B43BE95C-CA0B-40D2-827E-AEAD4F35B662}.Debug|Any CPU.ActiveCfg = Debug|Any CPU
		{B43BE95C-CA0B-40D2-827E-AEAD4F35B662}.Debug|Any CPU.Build.0 = Debug|Any CPU
		{B43BE95C-CA0B-40D2-827E-AEAD4F35B662}.Debug|x64.ActiveCfg = Debug|Any CPU
		{B43BE95C-CA0B-40D2-827E-AEAD4F35B662}.Debug|x64.Build.0 = Debug|Any CPU
		{B43BE95C-CA0B-40D2-827E-AEAD4F35B662}.Debug|x86.ActiveCfg = Debug|Any CPU
		{B43BE95C-CA0B-40D2-827E-AEAD4F35B662}.Debug|x86.Build.0 = Debug|Any CPU
		{B43BE95C-CA0B-40D2-827E-AEAD4F35B662}.Release|Any CPU.ActiveCfg = Release|Any CPU
		{B43BE95C-CA0B-40D2-827E-AEAD4F35B662}.Release|Any CPU.Build.0 = Release|Any CPU
		{B43BE95C-CA0B-40D2-827E-AEAD4F35B662}.Release|x64.ActiveCfg = Release|Any CPU
		{B43BE95C-CA0B-40D2-827E-AEAD4F35B662}.Release|x64.Build.0 = Release|Any CPU
		{B43BE95C-CA0B-40D2-827E-AEAD4F35B662}.Release|x86.ActiveCfg = Release|Any CPU
		{B43BE95C-CA0B-40D2-827E-AEAD4F35B662}.Release|x86.Build.0 = Release|Any CPU
		{0D58B71F-71F7-4E31-97BC-B8A36C466635}.Debug|Any CPU.ActiveCfg = Debug|Any CPU
		{0D58B71F-71F7-4E31-97BC-B8A36C466635}.Debug|Any CPU.Build.0 = Debug|Any CPU
		{0D58B71F-71F7-4E31-97BC-B8A36C466635}.Debug|x64.ActiveCfg = Debug|Any CPU
		{0D58B71F-71F7-4E31-97BC-B8A36C466635}.Debug|x64.Build.0 = Debug|Any CPU
		{0D58B71F-71F7-4E31-97BC-B8A36C466635}.Debug|x86.ActiveCfg = Debug|Any CPU
		{0D58B71F-71F7-4E31-97BC-B8A36C466635}.Debug|x86.Build.0 = Debug|Any CPU
		{0D58B71F-71F7-4E31-97BC-B8A36C466635}.Release|Any CPU.ActiveCfg = Release|Any CPU
		{0D58B71F-71F7-4E31-97BC-B8A36C466635}.Release|Any CPU.Build.0 = Release|Any CPU
		{0D58B71F-71F7-4E31-97BC-B8A36C466635}.Release|x64.ActiveCfg = Release|Any CPU
		{0D58B71F-71F7-4E31-97BC-B8A36C466635}.Release|x64.Build.0 = Release|Any CPU
		{0D58B71F-71F7-4E31-97BC-B8A36C466635}.Release|x86.ActiveCfg = Release|Any CPU
		{0D58B71F-71F7-4E31-97BC-B8A36C466635}.Release|x86.Build.0 = Release|Any CPU
	EndGlobalSection
	GlobalSection(SolutionProperties) = preSolution
		HideSolutionNode = FALSE
	EndGlobalSection
	GlobalSection(ExtensibilityGlobals) = postSolution
		SolutionGuid = {8568D760-4AAD-4180-8BF4-0F9D12D1578F}
	EndGlobalSection
EndGlobal
